
Microsoft Visual Studio Solution File, Format Version 12.00
# Visual Studio Version 16
VisualStudioVersion = 16.0.32106.194
MinimumVisualStudioVersion = 10.0.40219.1
Project("{8BC9CEB8-8B4A-11D0-8D11-00A0C91BC942}") = "all_build", "all_build.vcxproj", "{7BC57492-B837-4DEC-8986-28CC4325A8A7}"
EndProject
Project("{8BC9CEB8-8B4A-11D0-8D11-00A0C91BC942}") = "test1", "..\basic_test\test1.vcxproj", "{C74F3AD2-D3D5-4F19-BF4E-BF4A734F9490}"
EndProject
Project("{8BC9CEB8-8B4A-11D0-8D11-00A0C91BC942}") = "test2", "..\basic_test\test2.vcxproj", "{B3EEDC83-CE14-4913-A1BA-2F4FC5354DB1}"
EndProject
Project("{8BC9CEB8-8B4A-11D0-8D11-00A0C91BC942}") = "test3", "..\basic_test\test3.vcxproj", "{8BC2B9E4-F49F-4560-B00E-AEC62ADF0A0D}"
EndProject
Project("{8BC9CEB8-8B4A-11D0-8D11-00A0C91BC942}") = "test4", "..\basic_test\test4.vcxproj", "{552A886B-BAC1-4C39-B860-856B11B8D825}"
EndProject
Project("{8BC9CEB8-8B4A-11D0-8D11-00A0C91BC942}") = "test5", "..\basic_test\test5.vcxproj", "{91A4F65F-472E-4013-A8A8-CE3CBA1CB62E}"
EndProject
Project("{8BC9CEB8-8B4A-11D0-8D11-00A0C91BC942}") = "test6", "..\basic_test\test6.vcxproj", "{D9871651-8C1A-4925-8ACA-DAE8BB839AC8}"
EndProject
Project("{8BC9CEB8-8B4A-11D0-8D11-00A0C91BC942}") = "fastICA_test1", "..\fastICA\fastICA_test1.vcxproj", "{1B0A83CB-906D-4749-9F03-8A05EA9258D0}"
EndProject
Project("{8BC9CEB8-8B4A-11D0-8D11-00A0C91BC942}") = "fastICA_test2", "..\fastICA\fastICA_test2.vcxproj", "{1E531BA8-BA38-47D3-AE9C-4AC984A11E3A}"
EndProject
Project("{8BC9CEB8-8B4A-11D0-8D11-00A0C91BC942}") = "preTestLiNGAM", "..\hungarian-algorithm\preTestLiNGAM.vcxproj", "{36CC0EAA-F13C-4C26-B3B4-A0EFEDD4446D}"
EndProject
Project("{8BC9CEB8-8B4A-11D0-8D11-00A0C91BC942}") = "lasso_lib_test", "..\lasso_lib_test\lasso_lib_test.vcxproj", "{065DA14D-B93C-4961-8D70-B79EE1647C89}"
EndProject
Project("{8BC9CEB8-8B4A-11D0-8D11-00A0C91BC942}") = "LiNGAM", "..\LiNGAM\LiNGAM.vcxproj", "{9B58ED3B-C4FC-4714-88C2-C759F96E5ADA}"
EndProject
Project("{8BC9CEB8-8B4A-11D0-8D11-00A0C91BC942}") = "pca_test1", "..\pca\pca_test1.vcxproj", "{11373984-9473-42B3-8597-7D410EC68FFE}"
EndProject
Project("{8BC9CEB8-8B4A-11D0-8D11-00A0C91BC942}") = "pca_test2", "..\pca\pca_test2.vcxproj", "{0AA235F3-E626-4E4A-9232-152BDCE6F0D5}"
EndProject
Project("{8BC9CEB8-8B4A-11D0-8D11-00A0C91BC942}") = "LiNGAM2", "..\LiNGAM\LiNGAM2.vcxproj", "{E9D374F2-1CE7-4794-8E2E-0CC1695480B9}"
EndProject
Project("{8BC9CEB8-8B4A-11D0-8D11-00A0C91BC942}") = "lasso_test", "..\lasso_lib_test\lasso_test.vcxproj", "{06CF6EA5-6682-4F2F-80D5-D0040C106260}"
EndProject
Project("{8BC9CEB8-8B4A-11D0-8D11-00A0C91BC942}") = "NonLinearRegression", "..\fitting\NonLinearRegression.vcxproj", "{E31FE6E6-A734-45D0-AE9F-D0C0436E8D0B}"
EndProject
Project("{8BC9CEB8-8B4A-11D0-8D11-00A0C91BC942}") = "TimeSeriesRegression", "..\fitting\TimeSeriesRegression.vcxproj", "{D7A4EF0F-3401-4A4F-8F26-FF8BB2D40EC6}"
EndProject
Project("{8BC9CEB8-8B4A-11D0-8D11-00A0C91BC942}") = "multi_scatter", "..\multi_scatter\multi_scatter.vcxproj", "{DCEC2C8C-CCD5-4442-A8D5-F9520F17597B}"
EndProject
Project("{8BC9CEB8-8B4A-11D0-8D11-00A0C91BC942}") = "Heatmap", "..\Heatmap\Heatmap.vcxproj", "{FBEFEC61-CAC4-498B-95A5-16B9FC09D52D}"
EndProject
Project("{8BC9CEB8-8B4A-11D0-8D11-00A0C91BC942}") = "csvmap", "..\csvmap\csvmap.vcxproj", "{C79E25AE-7885-4CDE-B688-27F3274D9987}"
EndProject
Project("{8BC9CEB8-8B4A-11D0-8D11-00A0C91BC942}") = "histgram", "..\histgram\histgram.vcxproj", "{187987A7-11F0-4EA1-B315-998FD608C145}"
EndProject
Project("{8BC9CEB8-8B4A-11D0-8D11-00A0C91BC942}") = "shapiro", "..\shapiro\shapiro.vcxproj", "{3B308AC7-F2E3-4684-A872-7D3715D2521B}"
EndProject
Project("{8BC9CEB8-8B4A-11D0-8D11-00A0C91BC942}") = "lineplot", "..\lineplot\lineplot.vcxproj", "{2173DDD5-C4C7-4467-A974-87C49C85BBF5}"
EndProject
Project("{8BC9CEB8-8B4A-11D0-8D11-00A0C91BC942}") = "liblinear", "..\liblinear\liblinear.vcxproj", "{210357F6-A95F-4C3A-A2D3-92391761D03D}"
EndProject
Project("{8BC9CEB8-8B4A-11D0-8D11-00A0C91BC942}") = "logistic_regression_train", "..\logistic\logistic_regression_train.vcxproj", "{40A1BA78-14C6-4143-9078-D9EBC0B77D69}"
EndProject
Project("{8BC9CEB8-8B4A-11D0-8D11-00A0C91BC942}") = "logistic_regression_predict", "..\logistic\logistic_regression_predict.vcxproj", "{81FCA2D1-1186-4D8B-8307-C649A1213763}"
EndProject
Project("{8BC9CEB8-8B4A-11D0-8D11-00A0C91BC942}") = "logistic_regression", "..\logistic\logistic_regression.vcxproj", "{40DF8499-C347-4C6A-B2C2-2AEB2F23DA0E}"
EndProject
Project("{8BC9CEB8-8B4A-11D0-8D11-00A0C91BC942}") = "test7", "..\basic_test\test7.vcxproj", "{71CD670C-D860-4E0E-A2AA-26C0C52D8B84}"
EndProject
Global
	GlobalSection(SolutionConfigurationPlatforms) = preSolution
		Debug|x64 = Debug|x64
		Debug|x86 = Debug|x86
		Release_pytorch|x64 = Release_pytorch|x64
		Release_pytorch|x86 = Release_pytorch|x86
		Release|x64 = Release|x64
		Release|x86 = Release|x86
	EndGlobalSection
	GlobalSection(ProjectConfigurationPlatforms) = postSolution
		{7BC57492-B837-4DEC-8986-28CC4325A8A7}.Debug|x64.ActiveCfg = Debug|x64
		{7BC57492-B837-4DEC-8986-28CC4325A8A7}.Debug|x64.Build.0 = Debug|x64
		{7BC57492-B837-4DEC-8986-28CC4325A8A7}.Debug|x86.ActiveCfg = Debug|Win32
		{7BC57492-B837-4DEC-8986-28CC4325A8A7}.Debug|x86.Build.0 = Debug|Win32
		{7BC57492-B837-4DEC-8986-28CC4325A8A7}.Release_pytorch|x64.ActiveCfg = Release_pytorch|x64
		{7BC57492-B837-4DEC-8986-28CC4325A8A7}.Release_pytorch|x64.Build.0 = Release_pytorch|x64
		{7BC57492-B837-4DEC-8986-28CC4325A8A7}.Release_pytorch|x86.ActiveCfg = Release_pytorch|Win32
		{7BC57492-B837-4DEC-8986-28CC4325A8A7}.Release_pytorch|x86.Build.0 = Release_pytorch|Win32
		{7BC57492-B837-4DEC-8986-28CC4325A8A7}.Release|x64.ActiveCfg = Release|x64
		{7BC57492-B837-4DEC-8986-28CC4325A8A7}.Release|x64.Build.0 = Release|x64
		{7BC57492-B837-4DEC-8986-28CC4325A8A7}.Release|x86.ActiveCfg = Release|Win32
		{7BC57492-B837-4DEC-8986-28CC4325A8A7}.Release|x86.Build.0 = Release|Win32
		{C74F3AD2-D3D5-4F19-BF4E-BF4A734F9490}.Debug|x64.ActiveCfg = Debug|x64
		{C74F3AD2-D3D5-4F19-BF4E-BF4A734F9490}.Debug|x64.Build.0 = Debug|x64
		{C74F3AD2-D3D5-4F19-BF4E-BF4A734F9490}.Debug|x86.ActiveCfg = Debug|Win32
		{C74F3AD2-D3D5-4F19-BF4E-BF4A734F9490}.Debug|x86.Build.0 = Debug|Win32
		{C74F3AD2-D3D5-4F19-BF4E-BF4A734F9490}.Release_pytorch|x64.ActiveCfg = Release_pytorch|x64
		{C74F3AD2-D3D5-4F19-BF4E-BF4A734F9490}.Release_pytorch|x64.Build.0 = Release_pytorch|x64
		{C74F3AD2-D3D5-4F19-BF4E-BF4A734F9490}.Release_pytorch|x86.ActiveCfg = Release_pytorch|Win32
		{C74F3AD2-D3D5-4F19-BF4E-BF4A734F9490}.Release_pytorch|x86.Build.0 = Release_pytorch|Win32
		{C74F3AD2-D3D5-4F19-BF4E-BF4A734F9490}.Release|x64.ActiveCfg = Release|x64
		{C74F3AD2-D3D5-4F19-BF4E-BF4A734F9490}.Release|x64.Build.0 = Release|x64
		{C74F3AD2-D3D5-4F19-BF4E-BF4A734F9490}.Release|x86.ActiveCfg = Release|Win32
		{C74F3AD2-D3D5-4F19-BF4E-BF4A734F9490}.Release|x86.Build.0 = Release|Win32
		{B3EEDC83-CE14-4913-A1BA-2F4FC5354DB1}.Debug|x64.ActiveCfg = Debug|x64
		{B3EEDC83-CE14-4913-A1BA-2F4FC5354DB1}.Debug|x64.Build.0 = Debug|x64
		{B3EEDC83-CE14-4913-A1BA-2F4FC5354DB1}.Debug|x86.ActiveCfg = Debug|Win32
		{B3EEDC83-CE14-4913-A1BA-2F4FC5354DB1}.Debug|x86.Build.0 = Debug|Win32
		{B3EEDC83-CE14-4913-A1BA-2F4FC5354DB1}.Release_pytorch|x64.ActiveCfg = Release_pytorch|x64
		{B3EEDC83-CE14-4913-A1BA-2F4FC5354DB1}.Release_pytorch|x64.Build.0 = Release_pytorch|x64
		{B3EEDC83-CE14-4913-A1BA-2F4FC5354DB1}.Release_pytorch|x86.ActiveCfg = Release_pytorch|Win32
		{B3EEDC83-CE14-4913-A1BA-2F4FC5354DB1}.Release_pytorch|x86.Build.0 = Release_pytorch|Win32
		{B3EEDC83-CE14-4913-A1BA-2F4FC5354DB1}.Release|x64.ActiveCfg = Release|x64
		{B3EEDC83-CE14-4913-A1BA-2F4FC5354DB1}.Release|x64.Build.0 = Release|x64
		{B3EEDC83-CE14-4913-A1BA-2F4FC5354DB1}.Release|x86.ActiveCfg = Release|Win32
		{B3EEDC83-CE14-4913-A1BA-2F4FC5354DB1}.Release|x86.Build.0 = Release|Win32
		{8BC2B9E4-F49F-4560-B00E-AEC62ADF0A0D}.Debug|x64.ActiveCfg = Debug|x64
		{8BC2B9E4-F49F-4560-B00E-AEC62ADF0A0D}.Debug|x64.Build.0 = Debug|x64
		{8BC2B9E4-F49F-4560-B00E-AEC62ADF0A0D}.Debug|x86.ActiveCfg = Debug|Win32
		{8BC2B9E4-F49F-4560-B00E-AEC62ADF0A0D}.Debug|x86.Build.0 = Debug|Win32
		{8BC2B9E4-F49F-4560-B00E-AEC62ADF0A0D}.Release_pytorch|x64.ActiveCfg = Release_pytorch|x64
		{8BC2B9E4-F49F-4560-B00E-AEC62ADF0A0D}.Release_pytorch|x64.Build.0 = Release_pytorch|x64
		{8BC2B9E4-F49F-4560-B00E-AEC62ADF0A0D}.Release_pytorch|x86.ActiveCfg = Release_pytorch|Win32
		{8BC2B9E4-F49F-4560-B00E-AEC62ADF0A0D}.Release_pytorch|x86.Build.0 = Release_pytorch|Win32
		{8BC2B9E4-F49F-4560-B00E-AEC62ADF0A0D}.Release|x64.ActiveCfg = Release|x64
		{8BC2B9E4-F49F-4560-B00E-AEC62ADF0A0D}.Release|x64.Build.0 = Release|x64
		{8BC2B9E4-F49F-4560-B00E-AEC62ADF0A0D}.Release|x86.ActiveCfg = Release|Win32
		{8BC2B9E4-F49F-4560-B00E-AEC62ADF0A0D}.Release|x86.Build.0 = Release|Win32
		{552A886B-BAC1-4C39-B860-856B11B8D825}.Debug|x64.ActiveCfg = Debug|x64
		{552A886B-BAC1-4C39-B860-856B11B8D825}.Debug|x64.Build.0 = Debug|x64
		{552A886B-BAC1-4C39-B860-856B11B8D825}.Debug|x86.ActiveCfg = Debug|Win32
		{552A886B-BAC1-4C39-B860-856B11B8D825}.Debug|x86.Build.0 = Debug|Win32
		{552A886B-BAC1-4C39-B860-856B11B8D825}.Release_pytorch|x64.ActiveCfg = Release_pytorch|x64
		{552A886B-BAC1-4C39-B860-856B11B8D825}.Release_pytorch|x64.Build.0 = Release_pytorch|x64
		{552A886B-BAC1-4C39-B860-856B11B8D825}.Release_pytorch|x86.ActiveCfg = Release_pytorch|Win32
		{552A886B-BAC1-4C39-B860-856B11B8D825}.Release_pytorch|x86.Build.0 = Release_pytorch|Win32
		{552A886B-BAC1-4C39-B860-856B11B8D825}.Release|x64.ActiveCfg = Release|x64
		{552A886B-BAC1-4C39-B860-856B11B8D825}.Release|x64.Build.0 = Release|x64
		{552A886B-BAC1-4C39-B860-856B11B8D825}.Release|x86.ActiveCfg = Release|Win32
		{552A886B-BAC1-4C39-B860-856B11B8D825}.Release|x86.Build.0 = Release|Win32
		{91A4F65F-472E-4013-A8A8-CE3CBA1CB62E}.Debug|x64.ActiveCfg = Debug|x64
		{91A4F65F-472E-4013-A8A8-CE3CBA1CB62E}.Debug|x64.Build.0 = Debug|x64
		{91A4F65F-472E-4013-A8A8-CE3CBA1CB62E}.Debug|x86.ActiveCfg = Debug|Win32
		{91A4F65F-472E-4013-A8A8-CE3CBA1CB62E}.Debug|x86.Build.0 = Debug|Win32
		{91A4F65F-472E-4013-A8A8-CE3CBA1CB62E}.Release_pytorch|x64.ActiveCfg = Release_pytorch|x64
		{91A4F65F-472E-4013-A8A8-CE3CBA1CB62E}.Release_pytorch|x64.Build.0 = Release_pytorch|x64
		{91A4F65F-472E-4013-A8A8-CE3CBA1CB62E}.Release_pytorch|x86.ActiveCfg = Release_pytorch|Win32
		{91A4F65F-472E-4013-A8A8-CE3CBA1CB62E}.Release_pytorch|x86.Build.0 = Release_pytorch|Win32
		{91A4F65F-472E-4013-A8A8-CE3CBA1CB62E}.Release|x64.ActiveCfg = Release|x64
		{91A4F65F-472E-4013-A8A8-CE3CBA1CB62E}.Release|x64.Build.0 = Release|x64
		{91A4F65F-472E-4013-A8A8-CE3CBA1CB62E}.Release|x86.ActiveCfg = Release|Win32
		{91A4F65F-472E-4013-A8A8-CE3CBA1CB62E}.Release|x86.Build.0 = Release|Win32
		{D9871651-8C1A-4925-8ACA-DAE8BB839AC8}.Debug|x64.ActiveCfg = Debug|x64
		{D9871651-8C1A-4925-8ACA-DAE8BB839AC8}.Debug|x64.Build.0 = Debug|x64
		{D9871651-8C1A-4925-8ACA-DAE8BB839AC8}.Debug|x86.ActiveCfg = Debug|Win32
		{D9871651-8C1A-4925-8ACA-DAE8BB839AC8}.Debug|x86.Build.0 = Debug|Win32
		{D9871651-8C1A-4925-8ACA-DAE8BB839AC8}.Release_pytorch|x64.ActiveCfg = Release_pytorch|x64
		{D9871651-8C1A-4925-8ACA-DAE8BB839AC8}.Release_pytorch|x64.Build.0 = Release_pytorch|x64
		{D9871651-8C1A-4925-8ACA-DAE8BB839AC8}.Release_pytorch|x86.ActiveCfg = Release_pytorch|Win32
		{D9871651-8C1A-4925-8ACA-DAE8BB839AC8}.Release_pytorch|x86.Build.0 = Release_pytorch|Win32
		{D9871651-8C1A-4925-8ACA-DAE8BB839AC8}.Release|x64.ActiveCfg = Release|x64
		{D9871651-8C1A-4925-8ACA-DAE8BB839AC8}.Release|x64.Build.0 = Release|x64
		{D9871651-8C1A-4925-8ACA-DAE8BB839AC8}.Release|x86.ActiveCfg = Release|Win32
		{D9871651-8C1A-4925-8ACA-DAE8BB839AC8}.Release|x86.Build.0 = Release|Win32
		{1B0A83CB-906D-4749-9F03-8A05EA9258D0}.Debug|x64.ActiveCfg = Debug|x64
		{1B0A83CB-906D-4749-9F03-8A05EA9258D0}.Debug|x64.Build.0 = Debug|x64
		{1B0A83CB-906D-4749-9F03-8A05EA9258D0}.Debug|x86.ActiveCfg = Debug|Win32
		{1B0A83CB-906D-4749-9F03-8A05EA9258D0}.Debug|x86.Build.0 = Debug|Win32
		{1B0A83CB-906D-4749-9F03-8A05EA9258D0}.Release_pytorch|x64.ActiveCfg = Release_pytorch|x64
		{1B0A83CB-906D-4749-9F03-8A05EA9258D0}.Release_pytorch|x64.Build.0 = Release_pytorch|x64
		{1B0A83CB-906D-4749-9F03-8A05EA9258D0}.Release_pytorch|x86.ActiveCfg = Release_pytorch|Win32
		{1B0A83CB-906D-4749-9F03-8A05EA9258D0}.Release_pytorch|x86.Build.0 = Release_pytorch|Win32
		{1B0A83CB-906D-4749-9F03-8A05EA9258D0}.Release|x64.ActiveCfg = Release|x64
		{1B0A83CB-906D-4749-9F03-8A05EA9258D0}.Release|x64.Build.0 = Release|x64
		{1B0A83CB-906D-4749-9F03-8A05EA9258D0}.Release|x86.ActiveCfg = Release|Win32
		{1B0A83CB-906D-4749-9F03-8A05EA9258D0}.Release|x86.Build.0 = Release|Win32
		{1E531BA8-BA38-47D3-AE9C-4AC984A11E3A}.Debug|x64.ActiveCfg = Debug|x64
		{1E531BA8-BA38-47D3-AE9C-4AC984A11E3A}.Debug|x64.Build.0 = Debug|x64
		{1E531BA8-BA38-47D3-AE9C-4AC984A11E3A}.Debug|x86.ActiveCfg = Debug|Win32
		{1E531BA8-BA38-47D3-AE9C-4AC984A11E3A}.Debug|x86.Build.0 = Debug|Win32
		{1E531BA8-BA38-47D3-AE9C-4AC984A11E3A}.Release_pytorch|x64.ActiveCfg = Release_pytorch|x64
		{1E531BA8-BA38-47D3-AE9C-4AC984A11E3A}.Release_pytorch|x64.Build.0 = Release_pytorch|x64
		{1E531BA8-BA38-47D3-AE9C-4AC984A11E3A}.Release_pytorch|x86.ActiveCfg = Release_pytorch|Win32
		{1E531BA8-BA38-47D3-AE9C-4AC984A11E3A}.Release_pytorch|x86.Build.0 = Release_pytorch|Win32
		{1E531BA8-BA38-47D3-AE9C-4AC984A11E3A}.Release|x64.ActiveCfg = Release|x64
		{1E531BA8-BA38-47D3-AE9C-4AC984A11E3A}.Release|x64.Build.0 = Release|x64
		{1E531BA8-BA38-47D3-AE9C-4AC984A11E3A}.Release|x86.ActiveCfg = Release|Win32
		{1E531BA8-BA38-47D3-AE9C-4AC984A11E3A}.Release|x86.Build.0 = Release|Win32
		{36CC0EAA-F13C-4C26-B3B4-A0EFEDD4446D}.Debug|x64.ActiveCfg = Debug|x64
		{36CC0EAA-F13C-4C26-B3B4-A0EFEDD4446D}.Debug|x64.Build.0 = Debug|x64
		{36CC0EAA-F13C-4C26-B3B4-A0EFEDD4446D}.Debug|x86.ActiveCfg = Debug|Win32
		{36CC0EAA-F13C-4C26-B3B4-A0EFEDD4446D}.Debug|x86.Build.0 = Debug|Win32
		{36CC0EAA-F13C-4C26-B3B4-A0EFEDD4446D}.Release_pytorch|x64.ActiveCfg = Release_pytorch|x64
		{36CC0EAA-F13C-4C26-B3B4-A0EFEDD4446D}.Release_pytorch|x64.Build.0 = Release_pytorch|x64
		{36CC0EAA-F13C-4C26-B3B4-A0EFEDD4446D}.Release_pytorch|x86.ActiveCfg = Release_pytorch|Win32
		{36CC0EAA-F13C-4C26-B3B4-A0EFEDD4446D}.Release_pytorch|x86.Build.0 = Release_pytorch|Win32
		{36CC0EAA-F13C-4C26-B3B4-A0EFEDD4446D}.Release|x64.ActiveCfg = Release|x64
		{36CC0EAA-F13C-4C26-B3B4-A0EFEDD4446D}.Release|x64.Build.0 = Release|x64
		{36CC0EAA-F13C-4C26-B3B4-A0EFEDD4446D}.Release|x86.ActiveCfg = Release|Win32
		{36CC0EAA-F13C-4C26-B3B4-A0EFEDD4446D}.Release|x86.Build.0 = Release|Win32
		{065DA14D-B93C-4961-8D70-B79EE1647C89}.Debug|x64.ActiveCfg = Debug|x64
		{065DA14D-B93C-4961-8D70-B79EE1647C89}.Debug|x64.Build.0 = Debug|x64
		{065DA14D-B93C-4961-8D70-B79EE1647C89}.Debug|x86.ActiveCfg = Debug|Win32
		{065DA14D-B93C-4961-8D70-B79EE1647C89}.Debug|x86.Build.0 = Debug|Win32
		{065DA14D-B93C-4961-8D70-B79EE1647C89}.Release_pytorch|x64.ActiveCfg = Release_pytorch|x64
		{065DA14D-B93C-4961-8D70-B79EE1647C89}.Release_pytorch|x64.Build.0 = Release_pytorch|x64
		{065DA14D-B93C-4961-8D70-B79EE1647C89}.Release_pytorch|x86.ActiveCfg = Release_pytorch|Win32
		{065DA14D-B93C-4961-8D70-B79EE1647C89}.Release_pytorch|x86.Build.0 = Release_pytorch|Win32
		{065DA14D-B93C-4961-8D70-B79EE1647C89}.Release|x64.ActiveCfg = Release|x64
		{065DA14D-B93C-4961-8D70-B79EE1647C89}.Release|x64.Build.0 = Release|x64
		{065DA14D-B93C-4961-8D70-B79EE1647C89}.Release|x86.ActiveCfg = Release|Win32
		{065DA14D-B93C-4961-8D70-B79EE1647C89}.Release|x86.Build.0 = Release|Win32
		{9B58ED3B-C4FC-4714-88C2-C759F96E5ADA}.Debug|x64.ActiveCfg = Debug|x64
		{9B58ED3B-C4FC-4714-88C2-C759F96E5ADA}.Debug|x64.Build.0 = Debug|x64
		{9B58ED3B-C4FC-4714-88C2-C759F96E5ADA}.Debug|x86.ActiveCfg = Debug|Win32
		{9B58ED3B-C4FC-4714-88C2-C759F96E5ADA}.Debug|x86.Build.0 = Debug|Win32
		{9B58ED3B-C4FC-4714-88C2-C759F96E5ADA}.Release_pytorch|x64.ActiveCfg = Release_pytorch|x64
		{9B58ED3B-C4FC-4714-88C2-C759F96E5ADA}.Release_pytorch|x64.Build.0 = Release_pytorch|x64
		{9B58ED3B-C4FC-4714-88C2-C759F96E5ADA}.Release_pytorch|x86.ActiveCfg = Release_pytorch|Win32
		{9B58ED3B-C4FC-4714-88C2-C759F96E5ADA}.Release_pytorch|x86.Build.0 = Release_pytorch|Win32
		{9B58ED3B-C4FC-4714-88C2-C759F96E5ADA}.Release|x64.ActiveCfg = Release|x64
		{9B58ED3B-C4FC-4714-88C2-C759F96E5ADA}.Release|x64.Build.0 = Release|x64
		{9B58ED3B-C4FC-4714-88C2-C759F96E5ADA}.Release|x86.ActiveCfg = Release|Win32
		{9B58ED3B-C4FC-4714-88C2-C759F96E5ADA}.Release|x86.Build.0 = Release|Win32
		{11373984-9473-42B3-8597-7D410EC68FFE}.Debug|x64.ActiveCfg = Debug|x64
		{11373984-9473-42B3-8597-7D410EC68FFE}.Debug|x64.Build.0 = Debug|x64
		{11373984-9473-42B3-8597-7D410EC68FFE}.Debug|x86.ActiveCfg = Debug|Win32
		{11373984-9473-42B3-8597-7D410EC68FFE}.Debug|x86.Build.0 = Debug|Win32
		{11373984-9473-42B3-8597-7D410EC68FFE}.Release_pytorch|x64.ActiveCfg = Release_pytorch|x64
		{11373984-9473-42B3-8597-7D410EC68FFE}.Release_pytorch|x64.Build.0 = Release_pytorch|x64
		{11373984-9473-42B3-8597-7D410EC68FFE}.Release_pytorch|x86.ActiveCfg = Release_pytorch|Win32
		{11373984-9473-42B3-8597-7D410EC68FFE}.Release_pytorch|x86.Build.0 = Release_pytorch|Win32
		{11373984-9473-42B3-8597-7D410EC68FFE}.Release|x64.ActiveCfg = Release|x64
		{11373984-9473-42B3-8597-7D410EC68FFE}.Release|x64.Build.0 = Release|x64
		{11373984-9473-42B3-8597-7D410EC68FFE}.Release|x86.ActiveCfg = Release|Win32
		{11373984-9473-42B3-8597-7D410EC68FFE}.Release|x86.Build.0 = Release|Win32
		{0AA235F3-E626-4E4A-9232-152BDCE6F0D5}.Debug|x64.ActiveCfg = Debug|x64
		{0AA235F3-E626-4E4A-9232-152BDCE6F0D5}.Debug|x64.Build.0 = Debug|x64
		{0AA235F3-E626-4E4A-9232-152BDCE6F0D5}.Debug|x86.ActiveCfg = Debug|Win32
		{0AA235F3-E626-4E4A-9232-152BDCE6F0D5}.Debug|x86.Build.0 = Debug|Win32
		{0AA235F3-E626-4E4A-9232-152BDCE6F0D5}.Release_pytorch|x64.ActiveCfg = Release_pytorch|x64
		{0AA235F3-E626-4E4A-9232-152BDCE6F0D5}.Release_pytorch|x64.Build.0 = Release_pytorch|x64
		{0AA235F3-E626-4E4A-9232-152BDCE6F0D5}.Release_pytorch|x86.ActiveCfg = Release_pytorch|Win32
		{0AA235F3-E626-4E4A-9232-152BDCE6F0D5}.Release_pytorch|x86.Build.0 = Release_pytorch|Win32
		{0AA235F3-E626-4E4A-9232-152BDCE6F0D5}.Release|x64.ActiveCfg = Release|x64
		{0AA235F3-E626-4E4A-9232-152BDCE6F0D5}.Release|x64.Build.0 = Release|x64
		{0AA235F3-E626-4E4A-9232-152BDCE6F0D5}.Release|x86.ActiveCfg = Release|Win32
		{0AA235F3-E626-4E4A-9232-152BDCE6F0D5}.Release|x86.Build.0 = Release|Win32
		{E9D374F2-1CE7-4794-8E2E-0CC1695480B9}.Debug|x64.ActiveCfg = Debug|x64
		{E9D374F2-1CE7-4794-8E2E-0CC1695480B9}.Debug|x64.Build.0 = Debug|x64
		{E9D374F2-1CE7-4794-8E2E-0CC1695480B9}.Debug|x86.ActiveCfg = Debug|Win32
		{E9D374F2-1CE7-4794-8E2E-0CC1695480B9}.Debug|x86.Build.0 = Debug|Win32
		{E9D374F2-1CE7-4794-8E2E-0CC1695480B9}.Release_pytorch|x64.ActiveCfg = Release_pytorch|x64
		{E9D374F2-1CE7-4794-8E2E-0CC1695480B9}.Release_pytorch|x64.Build.0 = Release_pytorch|x64
		{E9D374F2-1CE7-4794-8E2E-0CC1695480B9}.Release_pytorch|x86.ActiveCfg = Release_pytorch|Win32
		{E9D374F2-1CE7-4794-8E2E-0CC1695480B9}.Release_pytorch|x86.Build.0 = Release_pytorch|Win32
		{E9D374F2-1CE7-4794-8E2E-0CC1695480B9}.Release|x64.ActiveCfg = Release|x64
		{E9D374F2-1CE7-4794-8E2E-0CC1695480B9}.Release|x64.Build.0 = Release|x64
		{E9D374F2-1CE7-4794-8E2E-0CC1695480B9}.Release|x86.ActiveCfg = Release|Win32
		{E9D374F2-1CE7-4794-8E2E-0CC1695480B9}.Release|x86.Build.0 = Release|Win32
		{06CF6EA5-6682-4F2F-80D5-D0040C106260}.Debug|x64.ActiveCfg = Debug|x64
		{06CF6EA5-6682-4F2F-80D5-D0040C106260}.Debug|x64.Build.0 = Debug|x64
		{06CF6EA5-6682-4F2F-80D5-D0040C106260}.Debug|x86.ActiveCfg = Debug|Win32
		{06CF6EA5-6682-4F2F-80D5-D0040C106260}.Debug|x86.Build.0 = Debug|Win32
		{06CF6EA5-6682-4F2F-80D5-D0040C106260}.Release_pytorch|x64.ActiveCfg = Release_pytorch|x64
		{06CF6EA5-6682-4F2F-80D5-D0040C106260}.Release_pytorch|x64.Build.0 = Release_pytorch|x64
		{06CF6EA5-6682-4F2F-80D5-D0040C106260}.Release_pytorch|x86.ActiveCfg = Release_pytorch|Win32
		{06CF6EA5-6682-4F2F-80D5-D0040C106260}.Release_pytorch|x86.Build.0 = Release_pytorch|Win32
		{06CF6EA5-6682-4F2F-80D5-D0040C106260}.Release|x64.ActiveCfg = Release|x64
		{06CF6EA5-6682-4F2F-80D5-D0040C106260}.Release|x64.Build.0 = Release|x64
		{06CF6EA5-6682-4F2F-80D5-D0040C106260}.Release|x86.ActiveCfg = Release|Win32
		{06CF6EA5-6682-4F2F-80D5-D0040C106260}.Release|x86.Build.0 = Release|Win32
		{E31FE6E6-A734-45D0-AE9F-D0C0436E8D0B}.Debug|x64.ActiveCfg = Debug|x64
		{E31FE6E6-A734-45D0-AE9F-D0C0436E8D0B}.Debug|x64.Build.0 = Debug|x64
		{E31FE6E6-A734-45D0-AE9F-D0C0436E8D0B}.Debug|x86.ActiveCfg = Debug|Win32
		{E31FE6E6-A734-45D0-AE9F-D0C0436E8D0B}.Debug|x86.Build.0 = Debug|Win32
		{E31FE6E6-A734-45D0-AE9F-D0C0436E8D0B}.Release_pytorch|x64.ActiveCfg = Release_pytorch|x64
		{E31FE6E6-A734-45D0-AE9F-D0C0436E8D0B}.Release_pytorch|x64.Build.0 = Release_pytorch|x64
		{E31FE6E6-A734-45D0-AE9F-D0C0436E8D0B}.Release_pytorch|x86.ActiveCfg = Release_pytorch|Win32
		{E31FE6E6-A734-45D0-AE9F-D0C0436E8D0B}.Release_pytorch|x86.Build.0 = Release_pytorch|Win32
		{E31FE6E6-A734-45D0-AE9F-D0C0436E8D0B}.Release|x64.ActiveCfg = Release|x64
		{E31FE6E6-A734-45D0-AE9F-D0C0436E8D0B}.Release|x64.Build.0 = Release|x64
		{E31FE6E6-A734-45D0-AE9F-D0C0436E8D0B}.Release|x86.ActiveCfg = Release|Win32
		{E31FE6E6-A734-45D0-AE9F-D0C0436E8D0B}.Release|x86.Build.0 = Release|Win32
		{D7A4EF0F-3401-4A4F-8F26-FF8BB2D40EC6}.Debug|x64.ActiveCfg = Debug|x64
		{D7A4EF0F-3401-4A4F-8F26-FF8BB2D40EC6}.Debug|x64.Build.0 = Debug|x64
		{D7A4EF0F-3401-4A4F-8F26-FF8BB2D40EC6}.Debug|x86.ActiveCfg = Debug|Win32
		{D7A4EF0F-3401-4A4F-8F26-FF8BB2D40EC6}.Debug|x86.Build.0 = Debug|Win32
		{D7A4EF0F-3401-4A4F-8F26-FF8BB2D40EC6}.Release_pytorch|x64.ActiveCfg = Release_pytorch|x64
		{D7A4EF0F-3401-4A4F-8F26-FF8BB2D40EC6}.Release_pytorch|x64.Build.0 = Release_pytorch|x64
		{D7A4EF0F-3401-4A4F-8F26-FF8BB2D40EC6}.Release_pytorch|x86.ActiveCfg = Release_pytorch|Win32
		{D7A4EF0F-3401-4A4F-8F26-FF8BB2D40EC6}.Release_pytorch|x86.Build.0 = Release_pytorch|Win32
		{D7A4EF0F-3401-4A4F-8F26-FF8BB2D40EC6}.Release|x64.ActiveCfg = Release|x64
		{D7A4EF0F-3401-4A4F-8F26-FF8BB2D40EC6}.Release|x64.Build.0 = Release|x64
		{D7A4EF0F-3401-4A4F-8F26-FF8BB2D40EC6}.Release|x86.ActiveCfg = Release|Win32
		{D7A4EF0F-3401-4A4F-8F26-FF8BB2D40EC6}.Release|x86.Build.0 = Release|Win32
		{DCEC2C8C-CCD5-4442-A8D5-F9520F17597B}.Debug|x64.ActiveCfg = Debug|x64
		{DCEC2C8C-CCD5-4442-A8D5-F9520F17597B}.Debug|x64.Build.0 = Debug|x64
		{DCEC2C8C-CCD5-4442-A8D5-F9520F17597B}.Debug|x86.ActiveCfg = Debug|Win32
		{DCEC2C8C-CCD5-4442-A8D5-F9520F17597B}.Debug|x86.Build.0 = Debug|Win32
		{DCEC2C8C-CCD5-4442-A8D5-F9520F17597B}.Release_pytorch|x64.ActiveCfg = Release_pytorch|x64
		{DCEC2C8C-CCD5-4442-A8D5-F9520F17597B}.Release_pytorch|x64.Build.0 = Release_pytorch|x64
		{DCEC2C8C-CCD5-4442-A8D5-F9520F17597B}.Release_pytorch|x86.ActiveCfg = Release_pytorch|Win32
		{DCEC2C8C-CCD5-4442-A8D5-F9520F17597B}.Release_pytorch|x86.Build.0 = Release_pytorch|Win32
		{DCEC2C8C-CCD5-4442-A8D5-F9520F17597B}.Release|x64.ActiveCfg = Release|x64
		{DCEC2C8C-CCD5-4442-A8D5-F9520F17597B}.Release|x64.Build.0 = Release|x64
		{DCEC2C8C-CCD5-4442-A8D5-F9520F17597B}.Release|x86.ActiveCfg = Release|Win32
		{DCEC2C8C-CCD5-4442-A8D5-F9520F17597B}.Release|x86.Build.0 = Release|Win32
		{FBEFEC61-CAC4-498B-95A5-16B9FC09D52D}.Debug|x64.ActiveCfg = Debug|x64
		{FBEFEC61-CAC4-498B-95A5-16B9FC09D52D}.Debug|x64.Build.0 = Debug|x64
		{FBEFEC61-CAC4-498B-95A5-16B9FC09D52D}.Debug|x86.ActiveCfg = Debug|Win32
		{FBEFEC61-CAC4-498B-95A5-16B9FC09D52D}.Debug|x86.Build.0 = Debug|Win32
		{FBEFEC61-CAC4-498B-95A5-16B9FC09D52D}.Release_pytorch|x64.ActiveCfg = Release_pytorch|x64
		{FBEFEC61-CAC4-498B-95A5-16B9FC09D52D}.Release_pytorch|x64.Build.0 = Release_pytorch|x64
		{FBEFEC61-CAC4-498B-95A5-16B9FC09D52D}.Release_pytorch|x86.ActiveCfg = Release_pytorch|Win32
		{FBEFEC61-CAC4-498B-95A5-16B9FC09D52D}.Release_pytorch|x86.Build.0 = Release_pytorch|Win32
		{FBEFEC61-CAC4-498B-95A5-16B9FC09D52D}.Release|x64.ActiveCfg = Release|x64
		{FBEFEC61-CAC4-498B-95A5-16B9FC09D52D}.Release|x64.Build.0 = Release|x64
		{FBEFEC61-CAC4-498B-95A5-16B9FC09D52D}.Release|x86.ActiveCfg = Release|Win32
		{FBEFEC61-CAC4-498B-95A5-16B9FC09D52D}.Release|x86.Build.0 = Release|Win32
		{C79E25AE-7885-4CDE-B688-27F3274D9987}.Debug|x64.ActiveCfg = Debug|x64
		{C79E25AE-7885-4CDE-B688-27F3274D9987}.Debug|x64.Build.0 = Debug|x64
		{C79E25AE-7885-4CDE-B688-27F3274D9987}.Debug|x86.ActiveCfg = Debug|Win32
		{C79E25AE-7885-4CDE-B688-27F3274D9987}.Debug|x86.Build.0 = Debug|Win32
		{C79E25AE-7885-4CDE-B688-27F3274D9987}.Release_pytorch|x64.ActiveCfg = Release_pytorch|x64
		{C79E25AE-7885-4CDE-B688-27F3274D9987}.Release_pytorch|x64.Build.0 = Release_pytorch|x64
		{C79E25AE-7885-4CDE-B688-27F3274D9987}.Release_pytorch|x86.ActiveCfg = Release_pytorch|Win32
		{C79E25AE-7885-4CDE-B688-27F3274D9987}.Release_pytorch|x86.Build.0 = Release_pytorch|Win32
		{C79E25AE-7885-4CDE-B688-27F3274D9987}.Release|x64.ActiveCfg = Release|x64
		{C79E25AE-7885-4CDE-B688-27F3274D9987}.Release|x64.Build.0 = Release|x64
		{C79E25AE-7885-4CDE-B688-27F3274D9987}.Release|x86.ActiveCfg = Release|Win32
		{C79E25AE-7885-4CDE-B688-27F3274D9987}.Release|x86.Build.0 = Release|Win32
		{187987A7-11F0-4EA1-B315-998FD608C145}.Debug|x64.ActiveCfg = Debug|x64
		{187987A7-11F0-4EA1-B315-998FD608C145}.Debug|x64.Build.0 = Debug|x64
		{187987A7-11F0-4EA1-B315-998FD608C145}.Debug|x86.ActiveCfg = Debug|Win32
		{187987A7-11F0-4EA1-B315-998FD608C145}.Debug|x86.Build.0 = Debug|Win32
		{187987A7-11F0-4EA1-B315-998FD608C145}.Release_pytorch|x64.ActiveCfg = Release_pytorch|x64
		{187987A7-11F0-4EA1-B315-998FD608C145}.Release_pytorch|x64.Build.0 = Release_pytorch|x64
		{187987A7-11F0-4EA1-B315-998FD608C145}.Release_pytorch|x86.ActiveCfg = Release_pytorch|Win32
		{187987A7-11F0-4EA1-B315-998FD608C145}.Release_pytorch|x86.Build.0 = Release_pytorch|Win32
		{187987A7-11F0-4EA1-B315-998FD608C145}.Release|x64.ActiveCfg = Release|x64
		{187987A7-11F0-4EA1-B315-998FD608C145}.Release|x64.Build.0 = Release|x64
		{187987A7-11F0-4EA1-B315-998FD608C145}.Release|x86.ActiveCfg = Release|Win32
		{187987A7-11F0-4EA1-B315-998FD608C145}.Release|x86.Build.0 = Release|Win32
		{3B308AC7-F2E3-4684-A872-7D3715D2521B}.Debug|x64.ActiveCfg = Debug|x64
		{3B308AC7-F2E3-4684-A872-7D3715D2521B}.Debug|x64.Build.0 = Debug|x64
		{3B308AC7-F2E3-4684-A872-7D3715D2521B}.Debug|x86.ActiveCfg = Debug|Win32
		{3B308AC7-F2E3-4684-A872-7D3715D2521B}.Debug|x86.Build.0 = Debug|Win32
		{3B308AC7-F2E3-4684-A872-7D3715D2521B}.Release_pytorch|x64.ActiveCfg = Release_pytorch|x64
		{3B308AC7-F2E3-4684-A872-7D3715D2521B}.Release_pytorch|x64.Build.0 = Release_pytorch|x64
		{3B308AC7-F2E3-4684-A872-7D3715D2521B}.Release_pytorch|x86.ActiveCfg = Release_pytorch|Win32
		{3B308AC7-F2E3-4684-A872-7D3715D2521B}.Release_pytorch|x86.Build.0 = Release_pytorch|Win32
		{3B308AC7-F2E3-4684-A872-7D3715D2521B}.Release|x64.ActiveCfg = Release|x64
		{3B308AC7-F2E3-4684-A872-7D3715D2521B}.Release|x64.Build.0 = Release|x64
		{3B308AC7-F2E3-4684-A872-7D3715D2521B}.Release|x86.ActiveCfg = Release|Win32
		{3B308AC7-F2E3-4684-A872-7D3715D2521B}.Release|x86.Build.0 = Release|Win32
		{2173DDD5-C4C7-4467-A974-87C49C85BBF5}.Debug|x64.ActiveCfg = Debug|x64
		{2173DDD5-C4C7-4467-A974-87C49C85BBF5}.Debug|x64.Build.0 = Debug|x64
		{2173DDD5-C4C7-4467-A974-87C49C85BBF5}.Debug|x86.ActiveCfg = Debug|Win32
		{2173DDD5-C4C7-4467-A974-87C49C85BBF5}.Debug|x86.Build.0 = Debug|Win32
		{2173DDD5-C4C7-4467-A974-87C49C85BBF5}.Release_pytorch|x64.ActiveCfg = Release_pytorch|x64
		{2173DDD5-C4C7-4467-A974-87C49C85BBF5}.Release_pytorch|x64.Build.0 = Release_pytorch|x64
		{2173DDD5-C4C7-4467-A974-87C49C85BBF5}.Release_pytorch|x86.ActiveCfg = Release_pytorch|Win32
		{2173DDD5-C4C7-4467-A974-87C49C85BBF5}.Release_pytorch|x86.Build.0 = Release_pytorch|Win32
		{2173DDD5-C4C7-4467-A974-87C49C85BBF5}.Release|x64.ActiveCfg = Release|x64
		{2173DDD5-C4C7-4467-A974-87C49C85BBF5}.Release|x64.Build.0 = Release|x64
		{2173DDD5-C4C7-4467-A974-87C49C85BBF5}.Release|x86.ActiveCfg = Release|Win32
		{2173DDD5-C4C7-4467-A974-87C49C85BBF5}.Release|x86.Build.0 = Release|Win32
		{210357F6-A95F-4C3A-A2D3-92391761D03D}.Debug|x64.ActiveCfg = Debug|x64
		{210357F6-A95F-4C3A-A2D3-92391761D03D}.Debug|x64.Build.0 = Debug|x64
		{210357F6-A95F-4C3A-A2D3-92391761D03D}.Debug|x86.ActiveCfg = Debug|Win32
		{210357F6-A95F-4C3A-A2D3-92391761D03D}.Debug|x86.Build.0 = Debug|Win32
		{210357F6-A95F-4C3A-A2D3-92391761D03D}.Release_pytorch|x64.ActiveCfg = Release_pytorch|x64
		{210357F6-A95F-4C3A-A2D3-92391761D03D}.Release_pytorch|x64.Build.0 = Release_pytorch|x64
		{210357F6-A95F-4C3A-A2D3-92391761D03D}.Release_pytorch|x86.ActiveCfg = Release_pytorch|Win32
		{210357F6-A95F-4C3A-A2D3-92391761D03D}.Release_pytorch|x86.Build.0 = Release_pytorch|Win32
		{210357F6-A95F-4C3A-A2D3-92391761D03D}.Release|x64.ActiveCfg = Release|x64
		{210357F6-A95F-4C3A-A2D3-92391761D03D}.Release|x64.Build.0 = Release|x64
		{210357F6-A95F-4C3A-A2D3-92391761D03D}.Release|x86.ActiveCfg = Release|Win32
		{210357F6-A95F-4C3A-A2D3-92391761D03D}.Release|x86.Build.0 = Release|Win32
		{40A1BA78-14C6-4143-9078-D9EBC0B77D69}.Debug|x64.ActiveCfg = Debug|x64
		{40A1BA78-14C6-4143-9078-D9EBC0B77D69}.Debug|x64.Build.0 = Debug|x64
		{40A1BA78-14C6-4143-9078-D9EBC0B77D69}.Debug|x86.ActiveCfg = Debug|Win32
		{40A1BA78-14C6-4143-9078-D9EBC0B77D69}.Debug|x86.Build.0 = Debug|Win32
		{40A1BA78-14C6-4143-9078-D9EBC0B77D69}.Release_pytorch|x64.ActiveCfg = Release_pytorch|x64
		{40A1BA78-14C6-4143-9078-D9EBC0B77D69}.Release_pytorch|x64.Build.0 = Release_pytorch|x64
		{40A1BA78-14C6-4143-9078-D9EBC0B77D69}.Release_pytorch|x86.ActiveCfg = Release_pytorch|Win32
		{40A1BA78-14C6-4143-9078-D9EBC0B77D69}.Release_pytorch|x86.Build.0 = Release_pytorch|Win32
		{40A1BA78-14C6-4143-9078-D9EBC0B77D69}.Release|x64.ActiveCfg = Release|x64
		{40A1BA78-14C6-4143-9078-D9EBC0B77D69}.Release|x64.Build.0 = Release|x64
		{40A1BA78-14C6-4143-9078-D9EBC0B77D69}.Release|x86.ActiveCfg = Release|Win32
		{40A1BA78-14C6-4143-9078-D9EBC0B77D69}.Release|x86.Build.0 = Release|Win32
		{81FCA2D1-1186-4D8B-8307-C649A1213763}.Debug|x64.ActiveCfg = Debug|x64
		{81FCA2D1-1186-4D8B-8307-C649A1213763}.Debug|x64.Build.0 = Debug|x64
		{81FCA2D1-1186-4D8B-8307-C649A1213763}.Debug|x86.ActiveCfg = Debug|Win32
		{81FCA2D1-1186-4D8B-8307-C649A1213763}.Debug|x86.Build.0 = Debug|Win32
		{81FCA2D1-1186-4D8B-8307-C649A1213763}.Release_pytorch|x64.ActiveCfg = Release_pytorch|x64
		{81FCA2D1-1186-4D8B-8307-C649A1213763}.Release_pytorch|x64.Build.0 = Release_pytorch|x64
		{81FCA2D1-1186-4D8B-8307-C649A1213763}.Release_pytorch|x86.ActiveCfg = Release_pytorch|Win32
		{81FCA2D1-1186-4D8B-8307-C649A1213763}.Release_pytorch|x86.Build.0 = Release_pytorch|Win32
		{81FCA2D1-1186-4D8B-8307-C649A1213763}.Release|x64.ActiveCfg = Release|x64
		{81FCA2D1-1186-4D8B-8307-C649A1213763}.Release|x64.Build.0 = Release|x64
		{81FCA2D1-1186-4D8B-8307-C649A1213763}.Release|x86.ActiveCfg = Release|Win32
		{81FCA2D1-1186-4D8B-8307-C649A1213763}.Release|x86.Build.0 = Release|Win32
		{40DF8499-C347-4C6A-B2C2-2AEB2F23DA0E}.Debug|x64.ActiveCfg = Debug|x64
		{40DF8499-C347-4C6A-B2C2-2AEB2F23DA0E}.Debug|x64.Build.0 = Debug|x64
		{40DF8499-C347-4C6A-B2C2-2AEB2F23DA0E}.Debug|x86.ActiveCfg = Debug|Win32
		{40DF8499-C347-4C6A-B2C2-2AEB2F23DA0E}.Debug|x86.Build.0 = Debug|Win32
		{40DF8499-C347-4C6A-B2C2-2AEB2F23DA0E}.Release_pytorch|x64.ActiveCfg = Release_pytorch|x64
		{40DF8499-C347-4C6A-B2C2-2AEB2F23DA0E}.Release_pytorch|x64.Build.0 = Release_pytorch|x64
		{40DF8499-C347-4C6A-B2C2-2AEB2F23DA0E}.Release_pytorch|x86.ActiveCfg = Release_pytorch|Win32
		{40DF8499-C347-4C6A-B2C2-2AEB2F23DA0E}.Release_pytorch|x86.Build.0 = Release_pytorch|Win32
		{40DF8499-C347-4C6A-B2C2-2AEB2F23DA0E}.Release|x64.ActiveCfg = Release|x64
		{40DF8499-C347-4C6A-B2C2-2AEB2F23DA0E}.Release|x64.Build.0 = Release|x64
		{40DF8499-C347-4C6A-B2C2-2AEB2F23DA0E}.Release|x86.ActiveCfg = Release|Win32
		{40DF8499-C347-4C6A-B2C2-2AEB2F23DA0E}.Release|x86.Build.0 = Release|Win32
		{71CD670C-D860-4E0E-A2AA-26C0C52D8B84}.Debug|x64.ActiveCfg = Debug|x64
		{71CD670C-D860-4E0E-A2AA-26C0C52D8B84}.Debug|x64.Build.0 = Debug|x64
		{71CD670C-D860-4E0E-A2AA-26C0C52D8B84}.Debug|x86.ActiveCfg = Debug|Win32
		{71CD670C-D860-4E0E-A2AA-26C0C52D8B84}.Debug|x86.Build.0 = Debug|Win32
		{71CD670C-D860-4E0E-A2AA-26C0C52D8B84}.Release_pytorch|x64.ActiveCfg = Release_pytorch|x64
		{71CD670C-D860-4E0E-A2AA-26C0C52D8B84}.Release_pytorch|x64.Build.0 = Release_pytorch|x64
		{71CD670C-D860-4E0E-A2AA-26C0C52D8B84}.Release_pytorch|x86.ActiveCfg = Release_pytorch|Win32
		{71CD670C-D860-4E0E-A2AA-26C0C52D8B84}.Release_pytorch|x86.Build.0 = Release_pytorch|Win32
		{71CD670C-D860-4E0E-A2AA-26C0C52D8B84}.Release|x64.ActiveCfg = Release|x64
		{71CD670C-D860-4E0E-A2AA-26C0C52D8B84}.Release|x64.Build.0 = Release|x64
		{71CD670C-D860-4E0E-A2AA-26C0C52D8B84}.Release|x86.ActiveCfg = Release|Win32
		{71CD670C-D860-4E0E-A2AA-26C0C52D8B84}.Release|x86.Build.0 = Release|Win32
	EndGlobalSection
	GlobalSection(SolutionProperties) = preSolution
		HideSolutionNode = FALSE
	EndGlobalSection
	GlobalSection(ExtensibilityGlobals) = postSolution
		SolutionGuid = {E7A34F1F-C22B-4686-90B5-2A327EDB6D8D}
	EndGlobalSection
	GlobalSection(Performance) = preSolution
		HasPerformanceSessions = true
	EndGlobalSection
EndGlobal
