
Microsoft Visual Studio Solution File, Format Version 12.00
# Visual Studio 14
VisualStudioVersion = 14.0.25420.1
MinimumVisualStudioVersion = 10.0.40219.1
Project("{8BC9CEB8-8B4A-11D0-8D11-00A0C91BC942}") = "all_build", "all_build.vcxproj", "{7BC57492-B837-4DEC-8986-28CC4325A8A7}"
EndProject
Project("{8BC9CEB8-8B4A-11D0-8D11-00A0C91BC942}") = "test1", "..\basic_test\test1.vcxproj", "{C74F3AD2-D3D5-4F19-BF4E-BF4A734F9490}"
EndProject
Project("{8BC9CEB8-8B4A-11D0-8D11-00A0C91BC942}") = "test2", "..\basic_test\test2.vcxproj", "{B3EEDC83-CE14-4913-A1BA-2F4FC5354DB1}"
EndProject
Project("{8BC9CEB8-8B4A-11D0-8D11-00A0C91BC942}") = "test3", "..\basic_test\test3.vcxproj", "{8BC2B9E4-F49F-4560-B00E-AEC62ADF0A0D}"
EndProject
Project("{8BC9CEB8-8B4A-11D0-8D11-00A0C91BC942}") = "test4", "..\basic_test\test4.vcxproj", "{552A886B-BAC1-4C39-B860-856B11B8D825}"
EndProject
Project("{8BC9CEB8-8B4A-11D0-8D11-00A0C91BC942}") = "test5", "..\basic_test\test5.vcxproj", "{91A4F65F-472E-4013-A8A8-CE3CBA1CB62E}"
EndProject
Project("{8BC9CEB8-8B4A-11D0-8D11-00A0C91BC942}") = "test6", "..\basic_test\test6.vcxproj", "{D9871651-8C1A-4925-8ACA-DAE8BB839AC8}"
EndProject
Project("{8BC9CEB8-8B4A-11D0-8D11-00A0C91BC942}") = "fastICA_test1", "..\fastICA\fastICA_test1.vcxproj", "{1B0A83CB-906D-4749-9F03-8A05EA9258D0}"
EndProject
Project("{8BC9CEB8-8B4A-11D0-8D11-00A0C91BC942}") = "fastICA_test2", "..\fastICA\fastICA_test2.vcxproj", "{1E531BA8-BA38-47D3-AE9C-4AC984A11E3A}"
EndProject
Project("{8BC9CEB8-8B4A-11D0-8D11-00A0C91BC942}") = "preTestLiNGAM", "..\hungarian-algorithm\preTestLiNGAM.vcxproj", "{36CC0EAA-F13C-4C26-B3B4-A0EFEDD4446D}"
EndProject
Project("{8BC9CEB8-8B4A-11D0-8D11-00A0C91BC942}") = "lasso_lib_test", "..\lasso_lib_test\lasso_lib_test.vcxproj", "{065DA14D-B93C-4961-8D70-B79EE1647C89}"
EndProject
Project("{8BC9CEB8-8B4A-11D0-8D11-00A0C91BC942}") = "LiNGAM", "..\LiNGAM\LiNGAM.vcxproj", "{9B58ED3B-C4FC-4714-88C2-C759F96E5ADA}"
EndProject
Project("{8BC9CEB8-8B4A-11D0-8D11-00A0C91BC942}") = "pca_test1", "..\pca\pca_test1.vcxproj", "{11373984-9473-42B3-8597-7D410EC68FFE}"
EndProject
Project("{8BC9CEB8-8B4A-11D0-8D11-00A0C91BC942}") = "pca_test2", "..\pca\pca_test2.vcxproj", "{0AA235F3-E626-4E4A-9232-152BDCE6F0D5}"
EndProject
Project("{8BC9CEB8-8B4A-11D0-8D11-00A0C91BC942}") = "LiNGAM2", "..\LiNGAM\LiNGAM2.vcxproj", "{E9D374F2-1CE7-4794-8E2E-0CC1695480B9}"
EndProject
Project("{8BC9CEB8-8B4A-11D0-8D11-00A0C91BC942}") = "lasso_test", "..\lasso_lib_test\lasso_test.vcxproj", "{06CF6EA5-6682-4F2F-80D5-D0040C106260}"
EndProject
Global
	GlobalSection(SolutionConfigurationPlatforms) = preSolution
		Debug|x64 = Debug|x64
		Debug|x86 = Debug|x86
		Release|x64 = Release|x64
		Release|x86 = Release|x86
	EndGlobalSection
	GlobalSection(ProjectConfigurationPlatforms) = postSolution
		{7BC57492-B837-4DEC-8986-28CC4325A8A7}.Debug|x64.ActiveCfg = Debug|x64
		{7BC57492-B837-4DEC-8986-28CC4325A8A7}.Debug|x64.Build.0 = Debug|x64
		{7BC57492-B837-4DEC-8986-28CC4325A8A7}.Debug|x86.ActiveCfg = Debug|Win32
		{7BC57492-B837-4DEC-8986-28CC4325A8A7}.Debug|x86.Build.0 = Debug|Win32
		{7BC57492-B837-4DEC-8986-28CC4325A8A7}.Release|x64.ActiveCfg = Release|x64
		{7BC57492-B837-4DEC-8986-28CC4325A8A7}.Release|x64.Build.0 = Release|x64
		{7BC57492-B837-4DEC-8986-28CC4325A8A7}.Release|x86.ActiveCfg = Release|Win32
		{7BC57492-B837-4DEC-8986-28CC4325A8A7}.Release|x86.Build.0 = Release|Win32
		{C74F3AD2-D3D5-4F19-BF4E-BF4A734F9490}.Debug|x64.ActiveCfg = Debug|x64
		{C74F3AD2-D3D5-4F19-BF4E-BF4A734F9490}.Debug|x64.Build.0 = Debug|x64
		{C74F3AD2-D3D5-4F19-BF4E-BF4A734F9490}.Debug|x86.ActiveCfg = Debug|Win32
		{C74F3AD2-D3D5-4F19-BF4E-BF4A734F9490}.Debug|x86.Build.0 = Debug|Win32
		{C74F3AD2-D3D5-4F19-BF4E-BF4A734F9490}.Release|x64.ActiveCfg = Release|x64
		{C74F3AD2-D3D5-4F19-BF4E-BF4A734F9490}.Release|x64.Build.0 = Release|x64
		{C74F3AD2-D3D5-4F19-BF4E-BF4A734F9490}.Release|x86.ActiveCfg = Release|Win32
		{C74F3AD2-D3D5-4F19-BF4E-BF4A734F9490}.Release|x86.Build.0 = Release|Win32
		{B3EEDC83-CE14-4913-A1BA-2F4FC5354DB1}.Debug|x64.ActiveCfg = Debug|x64
		{B3EEDC83-CE14-4913-A1BA-2F4FC5354DB1}.Debug|x64.Build.0 = Debug|x64
		{B3EEDC83-CE14-4913-A1BA-2F4FC5354DB1}.Debug|x86.ActiveCfg = Debug|Win32
		{B3EEDC83-CE14-4913-A1BA-2F4FC5354DB1}.Debug|x86.Build.0 = Debug|Win32
		{B3EEDC83-CE14-4913-A1BA-2F4FC5354DB1}.Release|x64.ActiveCfg = Release|x64
		{B3EEDC83-CE14-4913-A1BA-2F4FC5354DB1}.Release|x64.Build.0 = Release|x64
		{B3EEDC83-CE14-4913-A1BA-2F4FC5354DB1}.Release|x86.ActiveCfg = Release|Win32
		{B3EEDC83-CE14-4913-A1BA-2F4FC5354DB1}.Release|x86.Build.0 = Release|Win32
		{8BC2B9E4-F49F-4560-B00E-AEC62ADF0A0D}.Debug|x64.ActiveCfg = Debug|x64
		{8BC2B9E4-F49F-4560-B00E-AEC62ADF0A0D}.Debug|x64.Build.0 = Debug|x64
		{8BC2B9E4-F49F-4560-B00E-AEC62ADF0A0D}.Debug|x86.ActiveCfg = Debug|Win32
		{8BC2B9E4-F49F-4560-B00E-AEC62ADF0A0D}.Debug|x86.Build.0 = Debug|Win32
		{8BC2B9E4-F49F-4560-B00E-AEC62ADF0A0D}.Release|x64.ActiveCfg = Release|x64
		{8BC2B9E4-F49F-4560-B00E-AEC62ADF0A0D}.Release|x64.Build.0 = Release|x64
		{8BC2B9E4-F49F-4560-B00E-AEC62ADF0A0D}.Release|x86.ActiveCfg = Release|Win32
		{8BC2B9E4-F49F-4560-B00E-AEC62ADF0A0D}.Release|x86.Build.0 = Release|Win32
		{552A886B-BAC1-4C39-B860-856B11B8D825}.Debug|x64.ActiveCfg = Debug|x64
		{552A886B-BAC1-4C39-B860-856B11B8D825}.Debug|x64.Build.0 = Debug|x64
		{552A886B-BAC1-4C39-B860-856B11B8D825}.Debug|x86.ActiveCfg = Debug|Win32
		{552A886B-BAC1-4C39-B860-856B11B8D825}.Debug|x86.Build.0 = Debug|Win32
		{552A886B-BAC1-4C39-B860-856B11B8D825}.Release|x64.ActiveCfg = Release|x64
		{552A886B-BAC1-4C39-B860-856B11B8D825}.Release|x64.Build.0 = Release|x64
		{552A886B-BAC1-4C39-B860-856B11B8D825}.Release|x86.ActiveCfg = Release|Win32
		{552A886B-BAC1-4C39-B860-856B11B8D825}.Release|x86.Build.0 = Release|Win32
		{91A4F65F-472E-4013-A8A8-CE3CBA1CB62E}.Debug|x64.ActiveCfg = Debug|x64
		{91A4F65F-472E-4013-A8A8-CE3CBA1CB62E}.Debug|x64.Build.0 = Debug|x64
		{91A4F65F-472E-4013-A8A8-CE3CBA1CB62E}.Debug|x86.ActiveCfg = Debug|Win32
		{91A4F65F-472E-4013-A8A8-CE3CBA1CB62E}.Debug|x86.Build.0 = Debug|Win32
		{91A4F65F-472E-4013-A8A8-CE3CBA1CB62E}.Release|x64.ActiveCfg = Release|x64
		{91A4F65F-472E-4013-A8A8-CE3CBA1CB62E}.Release|x64.Build.0 = Release|x64
		{91A4F65F-472E-4013-A8A8-CE3CBA1CB62E}.Release|x86.ActiveCfg = Release|Win32
		{91A4F65F-472E-4013-A8A8-CE3CBA1CB62E}.Release|x86.Build.0 = Release|Win32
		{D9871651-8C1A-4925-8ACA-DAE8BB839AC8}.Debug|x64.ActiveCfg = Debug|x64
		{D9871651-8C1A-4925-8ACA-DAE8BB839AC8}.Debug|x64.Build.0 = Debug|x64
		{D9871651-8C1A-4925-8ACA-DAE8BB839AC8}.Debug|x86.ActiveCfg = Debug|Win32
		{D9871651-8C1A-4925-8ACA-DAE8BB839AC8}.Debug|x86.Build.0 = Debug|Win32
		{D9871651-8C1A-4925-8ACA-DAE8BB839AC8}.Release|x64.ActiveCfg = Release|x64
		{D9871651-8C1A-4925-8ACA-DAE8BB839AC8}.Release|x64.Build.0 = Release|x64
		{D9871651-8C1A-4925-8ACA-DAE8BB839AC8}.Release|x86.ActiveCfg = Release|Win32
		{D9871651-8C1A-4925-8ACA-DAE8BB839AC8}.Release|x86.Build.0 = Release|Win32
		{1B0A83CB-906D-4749-9F03-8A05EA9258D0}.Debug|x64.ActiveCfg = Debug|x64
		{1B0A83CB-906D-4749-9F03-8A05EA9258D0}.Debug|x64.Build.0 = Debug|x64
		{1B0A83CB-906D-4749-9F03-8A05EA9258D0}.Debug|x86.ActiveCfg = Debug|Win32
		{1B0A83CB-906D-4749-9F03-8A05EA9258D0}.Debug|x86.Build.0 = Debug|Win32
		{1B0A83CB-906D-4749-9F03-8A05EA9258D0}.Release|x64.ActiveCfg = Release|x64
		{1B0A83CB-906D-4749-9F03-8A05EA9258D0}.Release|x64.Build.0 = Release|x64
		{1B0A83CB-906D-4749-9F03-8A05EA9258D0}.Release|x86.ActiveCfg = Release|Win32
		{1B0A83CB-906D-4749-9F03-8A05EA9258D0}.Release|x86.Build.0 = Release|Win32
		{1E531BA8-BA38-47D3-AE9C-4AC984A11E3A}.Debug|x64.ActiveCfg = Debug|x64
		{1E531BA8-BA38-47D3-AE9C-4AC984A11E3A}.Debug|x64.Build.0 = Debug|x64
		{1E531BA8-BA38-47D3-AE9C-4AC984A11E3A}.Debug|x86.ActiveCfg = Debug|Win32
		{1E531BA8-BA38-47D3-AE9C-4AC984A11E3A}.Debug|x86.Build.0 = Debug|Win32
		{1E531BA8-BA38-47D3-AE9C-4AC984A11E3A}.Release|x64.ActiveCfg = Release|x64
		{1E531BA8-BA38-47D3-AE9C-4AC984A11E3A}.Release|x64.Build.0 = Release|x64
		{1E531BA8-BA38-47D3-AE9C-4AC984A11E3A}.Release|x86.ActiveCfg = Release|Win32
		{1E531BA8-BA38-47D3-AE9C-4AC984A11E3A}.Release|x86.Build.0 = Release|Win32
		{36CC0EAA-F13C-4C26-B3B4-A0EFEDD4446D}.Debug|x64.ActiveCfg = Debug|x64
		{36CC0EAA-F13C-4C26-B3B4-A0EFEDD4446D}.Debug|x64.Build.0 = Debug|x64
		{36CC0EAA-F13C-4C26-B3B4-A0EFEDD4446D}.Debug|x86.ActiveCfg = Debug|Win32
		{36CC0EAA-F13C-4C26-B3B4-A0EFEDD4446D}.Debug|x86.Build.0 = Debug|Win32
		{36CC0EAA-F13C-4C26-B3B4-A0EFEDD4446D}.Release|x64.ActiveCfg = Release|x64
		{36CC0EAA-F13C-4C26-B3B4-A0EFEDD4446D}.Release|x64.Build.0 = Release|x64
		{36CC0EAA-F13C-4C26-B3B4-A0EFEDD4446D}.Release|x86.ActiveCfg = Release|Win32
		{36CC0EAA-F13C-4C26-B3B4-A0EFEDD4446D}.Release|x86.Build.0 = Release|Win32
		{065DA14D-B93C-4961-8D70-B79EE1647C89}.Debug|x64.ActiveCfg = Debug|x64
		{065DA14D-B93C-4961-8D70-B79EE1647C89}.Debug|x64.Build.0 = Debug|x64
		{065DA14D-B93C-4961-8D70-B79EE1647C89}.Debug|x86.ActiveCfg = Debug|Win32
		{065DA14D-B93C-4961-8D70-B79EE1647C89}.Debug|x86.Build.0 = Debug|Win32
		{065DA14D-B93C-4961-8D70-B79EE1647C89}.Release|x64.ActiveCfg = Release|x64
		{065DA14D-B93C-4961-8D70-B79EE1647C89}.Release|x64.Build.0 = Release|x64
		{065DA14D-B93C-4961-8D70-B79EE1647C89}.Release|x86.ActiveCfg = Release|Win32
		{065DA14D-B93C-4961-8D70-B79EE1647C89}.Release|x86.Build.0 = Release|Win32
		{9B58ED3B-C4FC-4714-88C2-C759F96E5ADA}.Debug|x64.ActiveCfg = Debug|x64
		{9B58ED3B-C4FC-4714-88C2-C759F96E5ADA}.Debug|x64.Build.0 = Debug|x64
		{9B58ED3B-C4FC-4714-88C2-C759F96E5ADA}.Debug|x86.ActiveCfg = Debug|Win32
		{9B58ED3B-C4FC-4714-88C2-C759F96E5ADA}.Debug|x86.Build.0 = Debug|Win32
		{9B58ED3B-C4FC-4714-88C2-C759F96E5ADA}.Release|x64.ActiveCfg = Release|x64
		{9B58ED3B-C4FC-4714-88C2-C759F96E5ADA}.Release|x64.Build.0 = Release|x64
		{9B58ED3B-C4FC-4714-88C2-C759F96E5ADA}.Release|x86.ActiveCfg = Release|Win32
		{9B58ED3B-C4FC-4714-88C2-C759F96E5ADA}.Release|x86.Build.0 = Release|Win32
		{11373984-9473-42B3-8597-7D410EC68FFE}.Debug|x64.ActiveCfg = Debug|x64
		{11373984-9473-42B3-8597-7D410EC68FFE}.Debug|x64.Build.0 = Debug|x64
		{11373984-9473-42B3-8597-7D410EC68FFE}.Debug|x86.ActiveCfg = Debug|Win32
		{11373984-9473-42B3-8597-7D410EC68FFE}.Debug|x86.Build.0 = Debug|Win32
		{11373984-9473-42B3-8597-7D410EC68FFE}.Release|x64.ActiveCfg = Release|x64
		{11373984-9473-42B3-8597-7D410EC68FFE}.Release|x64.Build.0 = Release|x64
		{11373984-9473-42B3-8597-7D410EC68FFE}.Release|x86.ActiveCfg = Release|Win32
		{11373984-9473-42B3-8597-7D410EC68FFE}.Release|x86.Build.0 = Release|Win32
		{0AA235F3-E626-4E4A-9232-152BDCE6F0D5}.Debug|x64.ActiveCfg = Debug|x64
		{0AA235F3-E626-4E4A-9232-152BDCE6F0D5}.Debug|x64.Build.0 = Debug|x64
		{0AA235F3-E626-4E4A-9232-152BDCE6F0D5}.Debug|x86.ActiveCfg = Debug|Win32
		{0AA235F3-E626-4E4A-9232-152BDCE6F0D5}.Debug|x86.Build.0 = Debug|Win32
		{0AA235F3-E626-4E4A-9232-152BDCE6F0D5}.Release|x64.ActiveCfg = Release|x64
		{0AA235F3-E626-4E4A-9232-152BDCE6F0D5}.Release|x64.Build.0 = Release|x64
		{0AA235F3-E626-4E4A-9232-152BDCE6F0D5}.Release|x86.ActiveCfg = Release|Win32
		{0AA235F3-E626-4E4A-9232-152BDCE6F0D5}.Release|x86.Build.0 = Release|Win32
		{E9D374F2-1CE7-4794-8E2E-0CC1695480B9}.Debug|x64.ActiveCfg = Debug|x64
		{E9D374F2-1CE7-4794-8E2E-0CC1695480B9}.Debug|x64.Build.0 = Debug|x64
		{E9D374F2-1CE7-4794-8E2E-0CC1695480B9}.Debug|x86.ActiveCfg = Debug|Win32
		{E9D374F2-1CE7-4794-8E2E-0CC1695480B9}.Debug|x86.Build.0 = Debug|Win32
		{E9D374F2-1CE7-4794-8E2E-0CC1695480B9}.Release|x64.ActiveCfg = Release|x64
		{E9D374F2-1CE7-4794-8E2E-0CC1695480B9}.Release|x64.Build.0 = Release|x64
		{E9D374F2-1CE7-4794-8E2E-0CC1695480B9}.Release|x86.ActiveCfg = Release|Win32
		{E9D374F2-1CE7-4794-8E2E-0CC1695480B9}.Release|x86.Build.0 = Release|Win32
		{06CF6EA5-6682-4F2F-80D5-D0040C106260}.Debug|x64.ActiveCfg = Debug|x64
		{06CF6EA5-6682-4F2F-80D5-D0040C106260}.Debug|x64.Build.0 = Debug|x64
		{06CF6EA5-6682-4F2F-80D5-D0040C106260}.Debug|x86.ActiveCfg = Debug|Win32
		{06CF6EA5-6682-4F2F-80D5-D0040C106260}.Debug|x86.Build.0 = Debug|Win32
		{06CF6EA5-6682-4F2F-80D5-D0040C106260}.Release|x64.ActiveCfg = Release|x64
		{06CF6EA5-6682-4F2F-80D5-D0040C106260}.Release|x64.Build.0 = Release|x64
		{06CF6EA5-6682-4F2F-80D5-D0040C106260}.Release|x86.ActiveCfg = Release|Win32
		{06CF6EA5-6682-4F2F-80D5-D0040C106260}.Release|x86.Build.0 = Release|Win32
	EndGlobalSection
	GlobalSection(SolutionProperties) = preSolution
		HideSolutionNode = FALSE
	EndGlobalSection
EndGlobal
